
Microsoft Visual Studio Solution File, Format Version 12.00
# Visual Studio Version 17
VisualStudioVersion = 17.10.34707.107
MinimumVisualStudioVersion = 10.0.40219.1
Project("{9A19103F-16F7-4668-BE54-9A1E7A4F7556}") = "BitsOrchestraTestApp", "BitsOrchestraTestApp\BitsOrchestraTestApp.csproj", "{BE57E983-8D76-4CCC-A6EA-3694AF593D95}"
EndProject
Project("{FAE04EC0-301F-11D3-BF4B-00C04F79EFBC}") = "UnitTests", "UnitTests\UnitTests.csproj", "{A01C569E-841E-436C-9667-67264DD5D5D7}"
EndProject
Global
	GlobalSection(SolutionConfigurationPlatforms) = preSolution
		Debug|Any CPU = Debug|Any CPU
		Release|Any CPU = Release|Any CPU
	EndGlobalSection
	GlobalSection(ProjectConfigurationPlatforms) = postSolution
		{BE57E983-8D76-4CCC-A6EA-3694AF593D95}.Debug|Any CPU.ActiveCfg = Debug|Any CPU
		{BE57E983-8D76-4CCC-A6EA-3694AF593D95}.Debug|Any CPU.Build.0 = Debug|Any CPU
		{BE57E983-8D76-4CCC-A6EA-3694AF593D95}.Release|Any CPU.ActiveCfg = Release|Any CPU
		{BE57E983-8D76-4CCC-A6EA-3694AF593D95}.Release|Any CPU.Build.0 = Release|Any CPU
		{A01C569E-841E-436C-9667-67264DD5D5D7}.Debug|Any CPU.ActiveCfg = Debug|Any CPU
		{A01C569E-841E-436C-9667-67264DD5D5D7}.Debug|Any CPU.Build.0 = Debug|Any CPU
		{A01C569E-841E-436C-9667-67264DD5D5D7}.Release|Any CPU.ActiveCfg = Release|Any CPU
		{A01C569E-841E-436C-9667-67264DD5D5D7}.Release|Any CPU.Build.0 = Release|Any CPU
	EndGlobalSection
	GlobalSection(SolutionProperties) = preSolution
		HideSolutionNode = FALSE
	EndGlobalSection
	GlobalSection(ExtensibilityGlobals) = postSolution
		SolutionGuid = {2BCA3ADE-435B-4523-97DD-B8D47750CBF8}
	EndGlobalSection
EndGlobal
